
Microsoft Visual Studio Solution File, Format Version 12.00
# Visual Studio 15
VisualStudioVersion = 15.0.27130.2036
MinimumVisualStudioVersion = 10.0.40219.1
Project("{FAE04EC0-301F-11D3-BF4B-00C04F79EFBC}") = "WPFBlendDemoApp", "WPFBlendDemo\WPFBlendDemoApp.csproj", "{F1417CE1-E9CF-4461-842E-56EB8A3FBA77}"
EndProject
Global
	GlobalSection(SolutionConfigurationPlatforms) = preSolution
		Debug|Any CPU = Debug|Any CPU
		Release|Any CPU = Release|Any CPU
	EndGlobalSection
	GlobalSection(ProjectConfigurationPlatforms) = postSolution
		{F1417CE1-E9CF-4461-842E-56EB8A3FBA77}.Debug|Any CPU.ActiveCfg = Debug|Any CPU
		{F1417CE1-E9CF-4461-842E-56EB8A3FBA77}.Debug|Any CPU.Build.0 = Debug|Any CPU
		{F1417CE1-E9CF-4461-842E-56EB8A3FBA77}.Release|Any CPU.ActiveCfg = Release|Any CPU
		{F1417CE1-E9CF-4461-842E-56EB8A3FBA77}.Release|Any CPU.Build.0 = Release|Any CPU
	EndGlobalSection
	GlobalSection(SolutionProperties) = preSolution
		HideSolutionNode = FALSE
	EndGlobalSection
	GlobalSection(ExtensibilityGlobals) = postSolution
		SolutionGuid = {DA7B88A3-D949-4C10-9F0C-FD67D9A25C84}
	EndGlobalSection
EndGlobal
